
Microsoft Visual Studio Solution File, Format Version 12.00
# Visual Studio 15
VisualStudioVersion = 15.0.27703.2042
MinimumVisualStudioVersion = 10.0.40219.1
Project("{FAE04EC0-301F-11D3-BF4B-00C04F79EFBC}") = "XiaLM.XunFeiAIUI", "XiaLM.XunFeiAIUI\XiaLM.XunFeiAIUI.csproj", "{9F07D076-3895-4414-BCB3-5046D40A3C53}"
EndProject
Project("{2150E333-8FDC-42A3-9474-1A3956D46DE8}") = "XunFeiAI", "XunFeiAI", "{5EB6F0A5-5C5E-4021-A3FF-A6834B80BB5F}"
EndProject
Project("{2150E333-8FDC-42A3-9474-1A3956D46DE8}") = "Other", "Other", "{30999CDB-83B9-415E-96ED-3A612C4606DF}"
EndProject
Project("{FAE04EC0-301F-11D3-BF4B-00C04F79EFBC}") = "XiaLM.Weather", "XiaLM.Weather\XiaLM.Weather.csproj", "{86B683B2-3B41-4118-BC96-848596E4FB9B}"
EndProject
Project("{2150E333-8FDC-42A3-9474-1A3956D46DE8}") = "MicrosoftAI", "MicrosoftAI", "{7836944B-732E-40F1-B7A0-21AF6D14F471}"
EndProject
Project("{FAE04EC0-301F-11D3-BF4B-00C04F79EFBC}") = "XiaLM.MicrosoftSpeech", "XiaLM.MicrosoftSpeech\XiaLM.MicrosoftSpeech.csproj", "{82EC3580-7C56-494E-82D9-3EF7A0259447}"
EndProject
Project("{FAE04EC0-301F-11D3-BF4B-00C04F79EFBC}") = "XiaLM.ConsoleTest", "XiaLM.ConsoleTest\XiaLM.ConsoleTest.csproj", "{315D868A-C07B-46DC-B2AB-CCB640855AF5}"
EndProject
Project("{FAE04EC0-301F-11D3-BF4B-00C04F79EFBC}") = "XiaLM.FormTest", "XiaLM.FormTest\XiaLM.FormTest.csproj", "{A5C5E7BF-A47E-4B16-9081-560F407B7ABF}"
EndProject
Global
	GlobalSection(SolutionConfigurationPlatforms) = preSolution
		Debug|Any CPU = Debug|Any CPU
		Release|Any CPU = Release|Any CPU
	EndGlobalSection
	GlobalSection(ProjectConfigurationPlatforms) = postSolution
		{9F07D076-3895-4414-BCB3-5046D40A3C53}.Debug|Any CPU.ActiveCfg = Debug|Any CPU
		{9F07D076-3895-4414-BCB3-5046D40A3C53}.Debug|Any CPU.Build.0 = Debug|Any CPU
		{9F07D076-3895-4414-BCB3-5046D40A3C53}.Release|Any CPU.ActiveCfg = Release|Any CPU
		{9F07D076-3895-4414-BCB3-5046D40A3C53}.Release|Any CPU.Build.0 = Release|Any CPU
		{86B683B2-3B41-4118-BC96-848596E4FB9B}.Debug|Any CPU.ActiveCfg = Debug|Any CPU
		{86B683B2-3B41-4118-BC96-848596E4FB9B}.Debug|Any CPU.Build.0 = Debug|Any CPU
		{86B683B2-3B41-4118-BC96-848596E4FB9B}.Release|Any CPU.ActiveCfg = Release|Any CPU
		{86B683B2-3B41-4118-BC96-848596E4FB9B}.Release|Any CPU.Build.0 = Release|Any CPU
		{82EC3580-7C56-494E-82D9-3EF7A0259447}.Debug|Any CPU.ActiveCfg = Debug|Any CPU
		{82EC3580-7C56-494E-82D9-3EF7A0259447}.Debug|Any CPU.Build.0 = Debug|Any CPU
		{82EC3580-7C56-494E-82D9-3EF7A0259447}.Release|Any CPU.ActiveCfg = Release|Any CPU
		{82EC3580-7C56-494E-82D9-3EF7A0259447}.Release|Any CPU.Build.0 = Release|Any CPU
		{315D868A-C07B-46DC-B2AB-CCB640855AF5}.Debug|Any CPU.ActiveCfg = Debug|Any CPU
		{315D868A-C07B-46DC-B2AB-CCB640855AF5}.Debug|Any CPU.Build.0 = Debug|Any CPU
		{315D868A-C07B-46DC-B2AB-CCB640855AF5}.Release|Any CPU.ActiveCfg = Release|Any CPU
		{315D868A-C07B-46DC-B2AB-CCB640855AF5}.Release|Any CPU.Build.0 = Release|Any CPU
		{A5C5E7BF-A47E-4B16-9081-560F407B7ABF}.Debug|Any CPU.ActiveCfg = Debug|Any CPU
		{A5C5E7BF-A47E-4B16-9081-560F407B7ABF}.Debug|Any CPU.Build.0 = Debug|Any CPU
		{A5C5E7BF-A47E-4B16-9081-560F407B7ABF}.Release|Any CPU.ActiveCfg = Release|Any CPU
		{A5C5E7BF-A47E-4B16-9081-560F407B7ABF}.Release|Any CPU.Build.0 = Release|Any CPU
	EndGlobalSection
	GlobalSection(SolutionProperties) = preSolution
		HideSolutionNode = FALSE
	EndGlobalSection
	GlobalSection(NestedProjects) = preSolution
		{9F07D076-3895-4414-BCB3-5046D40A3C53} = {5EB6F0A5-5C5E-4021-A3FF-A6834B80BB5F}
		{86B683B2-3B41-4118-BC96-848596E4FB9B} = {30999CDB-83B9-415E-96ED-3A612C4606DF}
		{82EC3580-7C56-494E-82D9-3EF7A0259447} = {7836944B-732E-40F1-B7A0-21AF6D14F471}
	EndGlobalSection
	GlobalSection(ExtensibilityGlobals) = postSolution
		SolutionGuid = {62C0DD4C-2142-4A0F-AD17-02BBBC474216}
	EndGlobalSection
EndGlobal
